// !$*UTF8*$!
{
	archiveVersion = 1;
	classes = {
	};
	objectVersion = 50;
	objects = {

/* Begin PBXBuildFile section */
		BD995634240893BB005AA319 /* AppDelegate.swift in Sources */ = {isa = PBXBuildFile; fileRef = BD995633240893BB005AA319 /* AppDelegate.swift */; };
		BD995636240893BB005AA319 /* ViewController.swift in Sources */ = {isa = PBXBuildFile; fileRef = BD995635240893BB005AA319 /* ViewController.swift */; };
		BD995639240893BB005AA319 /* iMonitor.xcdatamodeld in Sources */ = {isa = PBXBuildFile; fileRef = BD995637240893BB005AA319 /* iMonitor.xcdatamodeld */; };
		BD99563B240893BC005AA319 /* Assets.xcassets in Resources */ = {isa = PBXBuildFile; fileRef = BD99563A240893BC005AA319 /* Assets.xcassets */; };
		BD99563E240893BC005AA319 /* Main.storyboard in Resources */ = {isa = PBXBuildFile; fileRef = BD99563C240893BC005AA319 /* Main.storyboard */; };
		BD9956472408A6C0005AA319 /* FolderPath.swift in Sources */ = {isa = PBXBuildFile; fileRef = BD9956462408A6C0005AA319 /* FolderPath.swift */; };
/* End PBXBuildFile section */

/* Begin PBXFileReference section */
		BD995630240893BB005AA319 /* iMonitor.app */ = {isa = PBXFileReference; explicitFileType = wrapper.application; includeInIndex = 0; path = iMonitor.app; sourceTree = BUILT_PRODUCTS_DIR; };
		BD995633240893BB005AA319 /* AppDelegate.swift */ = {isa = PBXFileReference; lastKnownFileType = sourcecode.swift; path = AppDelegate.swift; sourceTree = "<group>"; };
		BD995635240893BB005AA319 /* ViewController.swift */ = {isa = PBXFileReference; lastKnownFileType = sourcecode.swift; path = ViewController.swift; sourceTree = "<group>"; };
		BD995638240893BB005AA319 /* iMonitor.xcdatamodel */ = {isa = PBXFileReference; lastKnownFileType = wrapper.xcdatamodel; path = iMonitor.xcdatamodel; sourceTree = "<group>"; };
		BD99563A240893BC005AA319 /* Assets.xcassets */ = {isa = PBXFileReference; lastKnownFileType = folder.assetcatalog; path = Assets.xcassets; sourceTree = "<group>"; };
		BD99563D240893BC005AA319 /* Base */ = {isa = PBXFileReference; lastKnownFileType = file.storyboard; name = Base; path = Base.lproj/Main.storyboard; sourceTree = "<group>"; };
		BD99563F240893BC005AA319 /* Info.plist */ = {isa = PBXFileReference; lastKnownFileType = text.plist.xml; path = Info.plist; sourceTree = "<group>"; };
		BD995640240893BC005AA319 /* iMonitor.entitlements */ = {isa = PBXFileReference; lastKnownFileType = text.plist.entitlements; path = iMonitor.entitlements; sourceTree = "<group>"; };
		BD9956462408A6C0005AA319 /* FolderPath.swift */ = {isa = PBXFileReference; lastKnownFileType = sourcecode.swift; path = FolderPath.swift; sourceTree = "<group>"; };
/* End PBXFileReference section */

/* Begin PBXFrameworksBuildPhase section */
		BD99562D240893BB005AA319 /* Frameworks */ = {
			isa = PBXFrameworksBuildPhase;
			buildActionMask = 2147483647;
			files = (
			);
			runOnlyForDeploymentPostprocessing = 0;
		};
/* End PBXFrameworksBuildPhase section */

/* Begin PBXGroup section */
		BD995627240893BB005AA319 = {
			isa = PBXGroup;
			children = (
				BD995632240893BB005AA319 /* iMonitor */,
				BD995631240893BB005AA319 /* Products */,
			);
			sourceTree = "<group>";
		};
		BD995631240893BB005AA319 /* Products */ = {
			isa = PBXGroup;
			children = (
				BD995630240893BB005AA319 /* iMonitor.app */,
			);
			name = Products;
			sourceTree = "<group>";
		};
		BD995632240893BB005AA319 /* iMonitor */ = {
			isa = PBXGroup;
			children = (
				BD995633240893BB005AA319 /* AppDelegate.swift */,
				BD995635240893BB005AA319 /* ViewController.swift */,
				BD99563A240893BC005AA319 /* Assets.xcassets */,
				BD99563C240893BC005AA319 /* Main.storyboard */,
				BD99563F240893BC005AA319 /* Info.plist */,
				BD995640240893BC005AA319 /* iMonitor.entitlements */,
				BD995637240893BB005AA319 /* iMonitor.xcdatamodeld */,
				BD9956462408A6C0005AA319 /* FolderPath.swift */,
			);
			path = iMonitor;
			sourceTree = "<group>";
		};
/* End PBXGroup section */

/* Begin PBXNativeTarget section */
		BD99562F240893BB005AA319 /* iMonitor */ = {
			isa = PBXNativeTarget;
			buildConfigurationList = BD995643240893BC005AA319 /* Build configuration list for PBXNativeTarget "iMonitor" */;
			buildPhases = (
				BD99562C240893BB005AA319 /* Sources */,
				BD99562D240893BB005AA319 /* Frameworks */,
				BD99562E240893BB005AA319 /* Resources */,
			);
			buildRules = (
			);
			dependencies = (
			);
			name = iMonitor;
			productName = iMonitor;
			productReference = BD995630240893BB005AA319 /* iMonitor.app */;
			productType = "com.apple.product-type.application";
		};
/* End PBXNativeTarget section */

/* Begin PBXProject section */
		BD995628240893BB005AA319 /* Project object */ = {
			isa = PBXProject;
			attributes = {
				LastSwiftUpdateCheck = 1130;
				LastUpgradeCheck = 1130;
				ORGANIZATIONNAME = "Nirmal Sumanth";
				TargetAttributes = {
					BD99562F240893BB005AA319 = {
						CreatedOnToolsVersion = 11.3.1;
					};
				};
			};
			buildConfigurationList = BD99562B240893BB005AA319 /* Build configuration list for PBXProject "iMonitor" */;
			compatibilityVersion = "Xcode 9.3";
			developmentRegion = en;
			hasScannedForEncodings = 0;
			knownRegions = (
				en,
				Base,
			);
			mainGroup = BD995627240893BB005AA319;
			productRefGroup = BD995631240893BB005AA319 /* Products */;
			projectDirPath = "";
			projectRoot = "";
			targets = (
				BD99562F240893BB005AA319 /* iMonitor */,
			);
		};
/* End PBXProject section */

/* Begin PBXResourcesBuildPhase section */
		BD99562E240893BB005AA319 /* Resources */ = {
			isa = PBXResourcesBuildPhase;
			buildActionMask = 2147483647;
			files = (
				BD99563B240893BC005AA319 /* Assets.xcassets in Resources */,
				BD99563E240893BC005AA319 /* Main.storyboard in Resources */,
			);
			runOnlyForDeploymentPostprocessing = 0;
		};
/* End PBXResourcesBuildPhase section */

/* Begin PBXSourcesBuildPhase section */
		BD99562C240893BB005AA319 /* Sources */ = {
			isa = PBXSourcesBuildPhase;
			buildActionMask = 2147483647;
			files = (
				BD9956472408A6C0005AA319 /* FolderPath.swift in Sources */,
				BD995636240893BB005AA319 /* ViewController.swift in Sources */,
				BD995634240893BB005AA319 /* AppDelegate.swift in Sources */,
				BD995639240893BB005AA319 /* iMonitor.xcdatamodeld in Sources */,
			);
			runOnlyForDeploymentPostprocessing = 0;
		};
/* End PBXSourcesBuildPhase section */

/* Begin PBXVariantGroup section */
		BD99563C240893BC005AA319 /* Main.storyboard */ = {
			isa = PBXVariantGroup;
			children = (
				BD99563D240893BC005AA319 /* Base */,
			);
			name = Main.storyboard;
			sourceTree = "<group>";
		};
/* End PBXVariantGroup section */

/* Begin XCBuildConfiguration section */
		BD995641240893BC005AA319 /* Debug */ = {
			isa = XCBuildConfiguration;
			buildSettings = {
				ALWAYS_SEARCH_USER_PATHS = NO;
				CLANG_ANALYZER_NONNULL = YES;
				CLANG_ANALYZER_NUMBER_OBJECT_CONVERSION = YES_AGGRESSIVE;
				CLANG_CXX_LANGUAGE_STANDARD = "gnu++14";
				CLANG_CXX_LIBRARY = "libc++";
				CLANG_ENABLE_MODULES = YES;
				CLANG_ENABLE_OBJC_ARC = YES;
				CLANG_ENABLE_OBJC_WEAK = YES;
				CLANG_WARN_BLOCK_CAPTURE_AUTORELEASING = YES;
				CLANG_WARN_BOOL_CONVERSION = YES;
				CLANG_WARN_COMMA = YES;
				CLANG_WARN_CONSTANT_CONVERSION = YES;
				CLANG_WARN_DEPRECATED_OBJC_IMPLEMENTATIONS = YES;
				CLANG_WARN_DIRECT_OBJC_ISA_USAGE = YES_ERROR;
				CLANG_WARN_DOCUMENTATION_COMMENTS = YES;
				CLANG_WARN_EMPTY_BODY = YES;
				CLANG_WARN_ENUM_CONVERSION = YES;
				CLANG_WARN_INFINITE_RECURSION = YES;
				CLANG_WARN_INT_CONVERSION = YES;
				CLANG_WARN_NON_LITERAL_NULL_CONVERSION = YES;
				CLANG_WARN_OBJC_IMPLICIT_RETAIN_SELF = YES;
				CLANG_WARN_OBJC_LITERAL_CONVERSION = YES;
				CLANG_WARN_OBJC_ROOT_CLASS = YES_ERROR;
				CLANG_WARN_RANGE_LOOP_ANALYSIS = YES;
				CLANG_WARN_STRICT_PROTOTYPES = YES;
				CLANG_WARN_SUSPICIOUS_MOVE = YES;
				CLANG_WARN_UNGUARDED_AVAILABILITY = YES_AGGRESSIVE;
				CLANG_WARN_UNREACHABLE_CODE = YES;
				CLANG_WARN__DUPLICATE_METHOD_MATCH = YES;
				COPY_PHASE_STRIP = NO;
				DEBUG_INFORMATION_FORMAT = dwarf;
				ENABLE_STRICT_OBJC_MSGSEND = YES;
				ENABLE_TESTABILITY = YES;
				GCC_C_LANGUAGE_STANDARD = gnu11;
				GCC_DYNAMIC_NO_PIC = NO;
				GCC_NO_COMMON_BLOCKS = YES;
				GCC_OPTIMIZATION_LEVEL = 0;
				GCC_PREPROCESSOR_DEFINITIONS = (
					"DEBUG=1",
					"$(inherited)",
				);
				GCC_WARN_64_TO_32_BIT_CONVERSION = YES;
				GCC_WARN_ABOUT_RETURN_TYPE = YES_ERROR;
				GCC_WARN_UNDECLARED_SELECTOR = YES;
				GCC_WARN_UNINITIALIZED_AUTOS = YES_AGGRESSIVE;
				GCC_WARN_UNUSED_FUNCTION = YES;
				GCC_WARN_UNUSED_VARIABLE = YES;
				MACOSX_DEPLOYMENT_TARGET = 10.15;
				MTL_ENABLE_DEBUG_INFO = INCLUDE_SOURCE;
				MTL_FAST_MATH = YES;
				ONLY_ACTIVE_ARCH = YES;
				SDKROOT = macosx;
				SWIFT_ACTIVE_COMPILATION_CONDITIONS = DEBUG;
				SWIFT_OPTIMIZATION_LEVEL = "-Onone";
			};
			name = Debug;
		};
		BD995642240893BC005AA319 /* Release */ = {
			isa = XCBuildConfiguration;
			buildSettings = {
				ALWAYS_SEARCH_USER_PATHS = NO;
				CLANG_ANALYZER_NONNULL = YES;
				CLANG_ANALYZER_NUMBER_OBJECT_CONVERSION = YES_AGGRESSIVE;
				CLANG_CXX_LANGUAGE_STANDARD = "gnu++14";
				CLANG_CXX_LIBRARY = "libc++";
				CLANG_ENABLE_MODULES = YES;
				CLANG_ENABLE_OBJC_ARC = YES;
				CLANG_ENABLE_OBJC_WEAK = YES;
				CLANG_WARN_BLOCK_CAPTURE_AUTORELEASING = YES;
				CLANG_WARN_BOOL_CONVERSION = YES;
				CLANG_WARN_COMMA = YES;
				CLANG_WARN_CONSTANT_CONVERSION = YES;
				CLANG_WARN_DEPRECATED_OBJC_IMPLEMENTATIONS = YES;
				CLANG_WARN_DIRECT_OBJC_ISA_USAGE = YES_ERROR;
				CLANG_WARN_DOCUMENTATION_COMMENTS = YES;
				CLANG_WARN_EMPTY_BODY = YES;
				CLANG_WARN_ENUM_CONVERSION = YES;
				CLANG_WARN_INFINITE_RECURSION = YES;
				CLANG_WARN_INT_CONVERSION = YES;
				CLANG_WARN_NON_LITERAL_NULL_CONVERSION = YES;
				CLANG_WARN_OBJC_IMPLICIT_RETAIN_SELF = YES;
				CLANG_WARN_OBJC_LITERAL_CONVERSION = YES;
				CLANG_WARN_OBJC_ROOT_CLASS = YES_ERROR;
				CLANG_WARN_RANGE_LOOP_ANALYSIS = YES;
				CLANG_WARN_STRICT_PROTOTYPES = YES;
				CLANG_WARN_SUSPICIOUS_MOVE = YES;
				CLANG_WARN_UNGUARDED_AVAILABILITY = YES_AGGRESSIVE;
				CLANG_WARN_UNREACHABLE_CODE = YES;
				CLANG_WARN__DUPLICATE_METHOD_MATCH = YES;
				COPY_PHASE_STRIP = NO;
				DEBUG_INFORMATION_FORMAT = "dwarf-with-dsym";
				ENABLE_NS_ASSERTIONS = NO;
				ENABLE_STRICT_OBJC_MSGSEND = YES;
				GCC_C_LANGUAGE_STANDARD = gnu11;
				GCC_NO_COMMON_BLOCKS = YES;
				GCC_WARN_64_TO_32_BIT_CONVERSION = YES;
				GCC_WARN_ABOUT_RETURN_TYPE = YES_ERROR;
				GCC_WARN_UNDECLARED_SELECTOR = YES;
				GCC_WARN_UNINITIALIZED_AUTOS = YES_AGGRESSIVE;
				GCC_WARN_UNUSED_FUNCTION = YES;
				GCC_WARN_UNUSED_VARIABLE = YES;
				MACOSX_DEPLOYMENT_TARGET = 10.15;
				MTL_ENABLE_DEBUG_INFO = NO;
				MTL_FAST_MATH = YES;
				SDKROOT = macosx;
				SWIFT_COMPILATION_MODE = wholemodule;
				SWIFT_OPTIMIZATION_LEVEL = "-O";
			};
			name = Release;
		};
		BD995644240893BC005AA319 /* Debug */ = {
			isa = XCBuildConfiguration;
			buildSettings = {
				ASSETCATALOG_COMPILER_APPICON_NAME = AppIcon;
				CODE_SIGN_ENTITLEMENTS = iMonitor/iMonitor.entitlements;
				CODE_SIGN_STYLE = Automatic;
				COMBINE_HIDPI_IMAGES = YES;
				DEVELOPMENT_TEAM = Y88GS2HUZY;
				ENABLE_HARDENED_RUNTIME = YES;
				INFOPLIST_FILE = iMonitor/Info.plist;
				LD_RUNPATH_SEARCH_PATHS = (
					"$(inherited)",
					"@executable_path/../Frameworks",
				);
				PRODUCT_BUNDLE_IDENTIFIER = SwiftMADT.iMonitor;
				PRODUCT_NAME = "$(TARGET_NAME)";
				SWIFT_VERSION = 5.0;
			};
			name = Debug;
		};
		BD995645240893BC005AA319 /* Release */ = {
			isa = XCBuildConfiguration;
			buildSettings = {
				ASSETCATALOG_COMPILER_APPICON_NAME = AppIcon;
				CODE_SIGN_ENTITLEMENTS = iMonitor/iMonitor.entitlements;
				CODE_SIGN_STYLE = Automatic;
				COMBINE_HIDPI_IMAGES = YES;
				DEVELOPMENT_TEAM = Y88GS2HUZY;
				ENABLE_HARDENED_RUNTIME = YES;
				INFOPLIST_FILE = iMonitor/Info.plist;
				LD_RUNPATH_SEARCH_PATHS = (
					"$(inherited)",
					"@executable_path/../Frameworks",
				);
				PRODUCT_BUNDLE_IDENTIFIER = SwiftMADT.iMonitor;
				PRODUCT_NAME = "$(TARGET_NAME)";
				SWIFT_VERSION = 5.0;
			};
			name = Release;
		};
/* End XCBuildConfiguration section */

/* Begin XCConfigurationList section */
		BD99562B240893BB005AA319 /* Build configuration list for PBXProject "iMonitor" */ = {
			isa = XCConfigurationList;
			buildConfigurations = (
				BD995641240893BC005AA319 /* Debug */,
				BD995642240893BC005AA319 /* Release */,
			);
			defaultConfigurationIsVisible = 0;
			defaultConfigurationName = Release;
		};
		BD995643240893BC005AA319 /* Build configuration list for PBXNativeTarget "iMonitor" */ = {
			isa = XCConfigurationList;
			buildConfigurations = (
				BD995644240893BC005AA319 /* Debug */,
				BD995645240893BC005AA319 /* Release */,
			);
			defaultConfigurationIsVisible = 0;
			defaultConfigurationName = Release;
		};
/* End XCConfigurationList section */

/* Begin XCVersionGroup section */
		BD995637240893BB005AA319 /* iMonitor.xcdatamodeld */ = {
			isa = XCVersionGroup;
			children = (
				BD995638240893BB005AA319 /* iMonitor.xcdatamodel */,
			);
			currentVersion = BD995638240893BB005AA319 /* iMonitor.xcdatamodel */;
			path = iMonitor.xcdatamodeld;
			sourceTree = "<group>";
			versionGroupType = wrapper.xcdatamodel;
		};
/* End XCVersionGroup section */
	};
	rootObject = BD995628240893BB005AA319 /* Project object */;
}
